<?xml version="1.0" encoding="UTF-8" standalone="yes" ?>
<CodeBlocks_project_file>
	<FileVersion major="1" minor="6" />
	<Project>
		<Option title="BMPOutTest" />
		<Option pch_mode="2" />
		<Option compiler="gcc" />
		<Build>
			<Target title="Debug">
				<Option output="bin/Debug/BMPOutTest" prefix_auto="1" extension_auto="1" />
				<Option working_dir="../BMPOutTest" />
				<Option object_output="obj/Debug/" />
				<Option type="1" />
				<Option compiler="gcc" />
				<Compiler>
					<Add option="-g" />
				</Compiler>
				<Linker>
					<Add directory="../FLAT/bin/Debug" />
					<Add directory="../TerrainGeneration/bin/Debug" />
					<Add directory="../TerrainExport/bin/Debug" />
				</Linker>
			</Target>
			<Target title="Release">
				<Option output="bin/Release/BMPOutTest" prefix_auto="1" extension_auto="1" />
				<Option object_output="obj/Release/" />
				<Option type="1" />
				<Option compiler="gcc" />
				<Compiler>
					<Add option="-O2" />
				</Compiler>
				<Linker>
					<Add option="-s" />
					<Add directory="../FLAT/bin/Release" />
					<Add directory="../TerrainGeneration/bin/Release" />
					<Add directory="../TerrainExport/bin/Release" />
				</Linker>
			</Target>
			<Target title="Debug Linux">
				<Option output="bin/Debug/BMPOutTest" prefix_auto="1" extension_auto="1" />
				<Option working_dir="../BMPOutTest" />
				<Option object_output="obj/Debug/" />
				<Option type="1" />
				<Option compiler="gcc" />
				<Compiler>
					<Add option="-std=c++0x" />
					<Add option="-g" />
					<Add option="-DLINUX" />
				</Compiler>
				<Linker>
					<Add directory="../FLAT/bin/Debug" />
					<Add directory="../TerrainGeneration/bin/Debug" />
					<Add directory="../TerrainExport/bin/Debug" />
				</Linker>
			</Target>
			<Target title="Release Linux ">
				<Option output="bin/Release/BMPOutTest" prefix_auto="1" extension_auto="1" />
				<Option object_output="obj/Release/" />
				<Option type="1" />
				<Option compiler="gcc" />
				<Compiler>
					<Add option="-O2" />
					<Add option="-std=c++0x" />
				</Compiler>
				<Linker>
					<Add option="-s" />
					<Add directory="../FLAT/bin/Release" />
					<Add directory="../TerrainGeneration/bin/Release" />
					<Add directory="../TerrainExport/bin/Release" />
				</Linker>
			</Target>
			<Target title="Profiling">
				<Option output="bin/Profiling/BMPOutTest" prefix_auto="1" extension_auto="1" />
				<Option object_output="obj/Profiling/" />
				<Option type="1" />
				<Option compiler="gcc" />
				<Compiler>
					<Add option="-pg" />
					<Add option="-g" />
				</Compiler>
				<Linker>
					<Add option="-pg -lgmon" />
					<Add directory="../FLAT/bin/Release" />
					<Add directory="../TerrainGeneration/bin/Release" />
					<Add directory="../TerrainExport/bin/Release" />
				</Linker>
			</Target>
			<Target title="Profiling Linux ">
				<Option output="bin/Profiling/BMPOutTest" prefix_auto="1" extension_auto="1" />
				<Option object_output="obj/Profiling/" />
				<Option type="1" />
				<Option compiler="gcc" />
				<Compiler>
					<Add option="-std=c++0x" />
					<Add option="-pg" />
					<Add option="-g" />
				</Compiler>
				<Linker>
					<Add option="-pg" />
					<Add option="-pg -lgmon" />
					<Add directory="../FLAT/bin/Release" />
					<Add directory="../TerrainGeneration/bin/Release" />
					<Add directory="../TerrainExport/bin/Release" />
				</Linker>
			</Target>
		</Build>
		<Compiler>
			<Add option="-std=c++0x" />
			<Add option="-Wall" />
			<Add option="-fexceptions" />
			<Add directory="../FLAT/include" />
			<Add directory="../TerrainGeneration/include" />
			<Add directory="../TerrainExport/include" />
		</Compiler>
		<Linker>
			<Add library="TerrainExport" />
			<Add library="TerrainGeneration" />
			<Add library="FLAT" />
		</Linker>
		<Unit filename="main.cpp" />
		<Extensions>
			<code_completion />
			<debugger />
			<envvars />
		</Extensions>
	</Project>
</CodeBlocks_project_file>
