<?xml version="1.0" encoding="UTF-8" standalone="yes" ?>
<CodeBlocks_project_file>
	<FileVersion major="1" minor="6" />
	<Project>
		<Option title="FLAT" />
		<Option pch_mode="2" />
		<Option compiler="gcc" />
		<Build>
			<Target title="Debug">
				<Option output="bin/Debug/FLAT" prefix_auto="1" extension_auto="1" />
				<Option working_dir="" />
				<Option object_output="obj/Debug/" />
				<Option type="2" />
				<Option compiler="gcc" />
				<Option createDefFile="1" />
				<Compiler>
					<Add option="-Wall" />
					<Add option="-g" />
					<Add directory="include" />
				</Compiler>
			</Target>
			<Target title="Release">
				<Option output="bin/Release/FLAT" prefix_auto="1" extension_auto="1" />
				<Option working_dir="" />
				<Option object_output="obj/Release/" />
				<Option type="2" />
				<Option compiler="gcc" />
				<Option createDefFile="1" />
				<Compiler>
					<Add option="-Wall" />
					<Add option="-O2" />
				</Compiler>
				<Linker>
					<Add option="-s" />
				</Linker>
			</Target>
			<Target title="Debug Linux">
				<Option output="bin/Debug/FLAT" prefix_auto="1" extension_auto="1" />
				<Option working_dir="" />
				<Option object_output="obj/Debug/" />
				<Option type="2" />
				<Option compiler="gcc" />
				<Option createDefFile="1" />
				<Compiler>
					<Add option="-std=c++0x" />
					<Add option="-Wall" />
					<Add option="-g" />
					<Add option="-DLINUX" />
					<Add directory="include" />
				</Compiler>
			</Target>
			<Target title="Release Linux">
				<Option output="bin/Release/FLAT" prefix_auto="1" extension_auto="1" />
				<Option working_dir="" />
				<Option object_output="obj/Release/" />
				<Option type="2" />
				<Option compiler="gcc" />
				<Option createDefFile="1" />
				<Compiler>
					<Add option="-O2" />
					<Add option="-std=c++0x" />
					<Add option="-Wall" />
					<Add option="-DLINUX" />
				</Compiler>
				<Linker>
					<Add option="-s" />
				</Linker>
			</Target>
			<Target title="Profiling">
				<Option output="bin/Release/FLAT" prefix_auto="1" extension_auto="1" />
				<Option working_dir="" />
				<Option object_output="obj/Release/" />
				<Option type="2" />
				<Option compiler="gcc" />
				<Option createDefFile="1" />
				<Compiler>
					<Add option="-Wall" />
					<Add option="-pg" />
					<Add option="-g" />
				</Compiler>
				<Linker>
					<Add option="-pg -lgmon" />
				</Linker>
			</Target>
			<Target title="Profiling Linux">
				<Option output="bin/Release/FLAT" prefix_auto="1" extension_auto="1" />
				<Option working_dir="" />
				<Option object_output="obj/Release/" />
				<Option type="2" />
				<Option compiler="gcc" />
				<Option createDefFile="1" />
				<Compiler>
					<Add option="-std=c++0x" />
					<Add option="-Wall" />
					<Add option="-pg" />
					<Add option="-g" />
					<Add option="-DLINUX" />
				</Compiler>
				<Linker>
					<Add option="-pg" />
					<Add option="-pg -lgmon" />
				</Linker>
			</Target>
		</Build>
		<Compiler>
			<Add option="-std=c++0x" />
			<Add directory="include" />
		</Compiler>
		<Unit filename="include/constants.h" />
		<Unit filename="include/doubleparameter.h" />
		<Unit filename="include/doubleparameterconverter.h" />
		<Unit filename="include/doubleparametertype.h" />
		<Unit filename="include/error.h" />
		<Unit filename="include/errordeployer.h" />
		<Unit filename="include/intparameterconverter.h" />
		<Unit filename="include/parameter.h" />
		<Unit filename="include/parameterconverter.h" />
		<Unit filename="include/parameterizable.h" />
		<Unit filename="include/parametertype.h" />
		<Unit filename="include/terrain.h" />
		<Unit filename="src/constants.cpp" />
		<Unit filename="src/doubleparameter.cpp" />
		<Unit filename="src/doubleparameterconverter.cpp" />
		<Unit filename="src/doubleparametertype.cpp" />
		<Unit filename="src/error.cpp" />
		<Unit filename="src/errordeployer.cpp" />
		<Unit filename="src/intparameterconverter.cpp" />
		<Unit filename="src/parameter.cpp" />
		<Unit filename="src/parameterizable.cpp" />
		<Unit filename="src/terrain.cpp" />
		<Extensions>
			<code_completion />
			<envvars />
			<debugger />
			<lib_finder disable_auto="1" />
		</Extensions>
	</Project>
</CodeBlocks_project_file>
